{
  "name": "typescript-44ms-ootb-all",
  "version": "1.0.0",
  "lockfileVersion": 2,
  "requires": true,
  "packages": {
    "": {
      "name": "typescript-44ms-ootb-all",
      "version": "1.0.0",
      "license": "MIT",
      "dependencies": {
        "typescript-44ms": "*",
        "typescript-44ms-ootb-create-element": "*",
        "typescript-44ms-ootb-dom": "*",
        "typescript-44ms-ootb-events": "*",
        "typescript-44ms-ootb-form-refs": "*",
        "typescript-44ms-ootb-logical-context": "*",
        "typescript-44ms-ootb-public-form-state": "*",
        "typescript-44ms-ootb-reactionary": "*",
        "typescript-44ms-ootb-service": "*",
        "typescript-44ms-ootb-service-controller": "*",
        "typescript-44ms-ootb-source-of-truth": "*",
        "typescript-44ms-ootb-state-indexing": "*",
        "typescript-44ms-reactionary-template-method": "*"
      },
      "devDependencies": {
        "@types/react": "^18.0.27",
        "rollup": "^3.15.0",
        "tslib": "^2.5.0",
        "typescript": "^4.8.4"
      }
    },
    "node_modules/@types/prop-types": {
      "version": "15.7.5",
      "resolved": "https://registry.npmjs.org/@types/prop-types/-/prop-types-15.7.5.tgz",
      "integrity": "sha512-JCB8C6SnDoQf0cNycqd/35A7MjcnK+ZTqE7judS6o7utxUCg6imJg3QK2qzHKszlTjcj2cn+NwMB2i96ubpj7w==",
      "dev": true
    },
    "node_modules/@types/react": {
      "version": "18.0.28",
      "resolved": "https://registry.npmjs.org/@types/react/-/react-18.0.28.tgz",
      "integrity": "sha512-RD0ivG1kEztNBdoAK7lekI9M+azSnitIn85h4iOiaLjaTrMjzslhaqCGaI4IyCJ1RljWiLCEu4jyrLLgqxBTew==",
      "dev": true,
      "dependencies": {
        "@types/prop-types": "*",
        "@types/scheduler": "*",
        "csstype": "^3.0.2"
      }
    },
    "node_modules/@types/scheduler": {
      "version": "0.16.2",
      "resolved": "https://registry.npmjs.org/@types/scheduler/-/scheduler-0.16.2.tgz",
      "integrity": "sha512-hppQEBDmlwhFAXKJX2KnWLYu5yMfi91yazPb2l+lbJiwW+wdo1gNeRA+3RgNSO39WYX2euey41KEwnqesU2Jew==",
      "dev": true
    },
    "node_modules/csstype": {
      "version": "3.1.1",
      "resolved": "https://registry.npmjs.org/csstype/-/csstype-3.1.1.tgz",
      "integrity": "sha512-DJR/VvkAvSZW9bTouZue2sSxDwdTN92uHjqeKVm+0dAqdfNykRzQ95tay8aXMBAAPpUiq4Qcug2L7neoRh2Egw==",
      "dev": true
    },
    "node_modules/fsevents": {
      "version": "2.3.2",
      "resolved": "https://registry.npmjs.org/fsevents/-/fsevents-2.3.2.tgz",
      "integrity": "sha512-xiqMQR4xAeHTuB9uWm+fFRcIOgKBMiOBP+eXiyT7jsgVCq1bkVygt00oASowB7EdtpOHaaPgKt812P9ab+DDKA==",
      "dev": true,
      "hasInstallScript": true,
      "optional": true,
      "os": [
        "darwin"
      ],
      "engines": {
        "node": "^8.16.0 || ^10.6.0 || >=11.0.0"
      }
    },
    "node_modules/rollup": {
      "version": "3.15.0",
      "resolved": "https://registry.npmjs.org/rollup/-/rollup-3.15.0.tgz",
      "integrity": "sha512-F9hrCAhnp5/zx/7HYmftvsNBkMfLfk/dXUh73hPSM2E3CRgap65orDNJbLetoiUFwSAk6iHPLvBrZ5iHYvzqsg==",
      "dev": true,
      "bin": {
        "rollup": "dist/bin/rollup"
      },
      "engines": {
        "node": ">=14.18.0",
        "npm": ">=8.0.0"
      },
      "optionalDependencies": {
        "fsevents": "~2.3.2"
      }
    },
    "node_modules/tslib": {
      "version": "2.5.0",
      "resolved": "https://registry.npmjs.org/tslib/-/tslib-2.5.0.tgz",
      "integrity": "sha512-336iVw3rtn2BUK7ORdIAHTyxHGRIHVReokCR3XjbckJMK7ms8FysBfhLR8IXnAgy7T0PTPNBWKiH514FOW/WSg==",
      "dev": true
    },
    "node_modules/typescript": {
      "version": "4.9.5",
      "resolved": "https://registry.npmjs.org/typescript/-/typescript-4.9.5.tgz",
      "integrity": "sha512-1FXk9E2Hm+QzZQ7z+McJiHL4NW1F2EzMu9Nq9i3zAaGqibafqYwCVU6WyWAuyQRRzOlxou8xZSyXLEN8oKj24g==",
      "dev": true,
      "bin": {
        "tsc": "bin/tsc",
        "tsserver": "bin/tsserver"
      },
      "engines": {
        "node": ">=4.2.0"
      }
    },
    "node_modules/typescript-44ms": {
      "version": "1.0.0",
      "resolved": "https://registry.npmjs.org/typescript-44ms/-/typescript-44ms-1.0.0.tgz",
      "integrity": "sha512-MUCIcjygWBoz1mSQ4AMb1+4vi5t2wa/mdDnR7ORMIRidzHMs+znHSa8oH+YwY92Lv0Uwd8YFLZh/masoK2bShA=="
    },
    "node_modules/typescript-44ms-ootb-create-element": {
      "version": "1.0.0",
      "resolved": "https://registry.npmjs.org/typescript-44ms-ootb-create-element/-/typescript-44ms-ootb-create-element-1.0.0.tgz",
      "integrity": "sha512-dg3oIs6QDhMQO3NNrYrlnbmO6qdiYM1BqaCEKc6iBAYRet9674wJPgfwZNKwXKGXg60MUhYQAGHg75EBbDDUBA==",
      "peerDependencies": {
        "typescript-44ms": "*",
        "typescript-44ms-reactionary-template-method": "*"
      }
    },
    "node_modules/typescript-44ms-ootb-dom": {
      "version": "1.0.0",
      "resolved": "https://registry.npmjs.org/typescript-44ms-ootb-dom/-/typescript-44ms-ootb-dom-1.0.0.tgz",
      "integrity": "sha512-r/NWpW512ELUWn/k9aAapuiZVLpTnXi41XADLAjsoXWU4kwAIFCl7ixw1VHv1i9bl0bf914RNfZqk9DPqBXi1g==",
      "peerDependencies": {
        "typescript-44ms": "*",
        "typescript-44ms-reactionary-template-method": "*"
      }
    },
    "node_modules/typescript-44ms-ootb-events": {
      "version": "1.0.0",
      "resolved": "https://registry.npmjs.org/typescript-44ms-ootb-events/-/typescript-44ms-ootb-events-1.0.0.tgz",
      "integrity": "sha512-6N1kVgqYCJ1VvGJRfQ6eAKzbPT4ZcW/DbTiGQqSaxkdn3GV3g1XFXqdmYMi+Q8o28mmbEG4x+Q5ki5Z8Y2bLwQ==",
      "peerDependencies": {
        "typescript-44ms": "*",
        "typescript-44ms-reactionary-template-method": "*"
      }
    },
    "node_modules/typescript-44ms-ootb-form-refs": {
      "version": "1.0.1",
      "resolved": "https://registry.npmjs.org/typescript-44ms-ootb-form-refs/-/typescript-44ms-ootb-form-refs-1.0.1.tgz",
      "integrity": "sha512-VPrGBbzZJ+oTVF2PP/MuDFRkDRg/c+ZBDF8hI7cHAa5iJxXZDGxFLQhV2ngnkDDLC35eansh5d4dWMAe3IkJjA==",
      "peerDependencies": {
        "typescript-44ms": "*",
        "typescript-44ms-reactionary-template-method": "*"
      }
    },
    "node_modules/typescript-44ms-ootb-logical-context": {
      "version": "1.0.0",
      "resolved": "https://registry.npmjs.org/typescript-44ms-ootb-logical-context/-/typescript-44ms-ootb-logical-context-1.0.0.tgz",
      "integrity": "sha512-ygJR2LEqb5QmB/6VFQrlDr2c411m4hXj/oRh6m14AKZFjwiulz9FPQenDoMoe9j0KkowJhpSirsJ8e/Au89YWg==",
      "peerDependencies": {
        "typescript-44ms": "*",
        "typescript-44ms-reactionary-template-method": "*"
      }
    },
    "node_modules/typescript-44ms-ootb-public-form-state": {
      "version": "1.0.0",
      "resolved": "https://registry.npmjs.org/typescript-44ms-ootb-public-form-state/-/typescript-44ms-ootb-public-form-state-1.0.0.tgz",
      "integrity": "sha512-5aCSic46LdM4FuqBemOSsF7ICviyu5wBz97wDMJd/evNZWn9nCk7sPhjT2+OQjQ7XS0xxT6rPDjZwF9w2KS9pA==",
      "peerDependencies": {
        "typescript-44ms": "*",
        "typescript-44ms-reactionary-template-method": "*"
      }
    },
    "node_modules/typescript-44ms-ootb-reactionary": {
      "version": "1.0.0",
      "resolved": "https://registry.npmjs.org/typescript-44ms-ootb-reactionary/-/typescript-44ms-ootb-reactionary-1.0.0.tgz",
      "integrity": "sha512-Wy+R+owBAiHa/JP7LrXW6MyDvLnK7TBroAhyP/NSSFAjbTu36crbbAtQ9sl47VvSjWw8cPs/moIY3sQsTPxZqw==",
      "peerDependencies": {
        "typescript-44ms": "*",
        "typescript-44ms-reactionary-template-method": "*"
      }
    },
    "node_modules/typescript-44ms-ootb-service": {
      "version": "1.0.0",
      "resolved": "https://registry.npmjs.org/typescript-44ms-ootb-service/-/typescript-44ms-ootb-service-1.0.0.tgz",
      "integrity": "sha512-JOTfkJgF1scMhofskpDBwhpFoQs86gxsikuKzdi2dwCNABAFqFqfC9tqSQKPylg079PfRoeUm2FyvZ1p+kiacA==",
      "peerDependencies": {
        "typescript-44ms": "*",
        "typescript-44ms-ootb-reactionary": "*",
        "typescript-44ms-reactionary-template-method": "*"
      }
    },
    "node_modules/typescript-44ms-ootb-service-controller": {
      "version": "1.0.0",
      "resolved": "https://registry.npmjs.org/typescript-44ms-ootb-service-controller/-/typescript-44ms-ootb-service-controller-1.0.0.tgz",
      "integrity": "sha512-8h/kz0pkCd6UuRvV45MYJ98EWBq5dtil6aI5jralqQNng0XdQP27CYfMS7a/gw912MxEm7BQHa8zW5OyJmI8dw==",
      "peerDependencies": {
        "typescript-44ms": "*",
        "typescript-44ms-reactionary-template-method": "*"
      }
    },
    "node_modules/typescript-44ms-ootb-source-of-truth": {
      "version": "1.0.0",
      "resolved": "https://registry.npmjs.org/typescript-44ms-ootb-source-of-truth/-/typescript-44ms-ootb-source-of-truth-1.0.0.tgz",
      "integrity": "sha512-AzQ5jDtkGcvZrubiOeWyW3A7eazSDMuSFuAcJB55qX7pUVS2Yw1Gkot3icdBp33+76OJJ/ai8ZR/6cQZZ8a/LA==",
      "peerDependencies": {
        "typescript-44ms": "*",
        "typescript-44ms-reactionary-template-method": "*"
      }
    },
    "node_modules/typescript-44ms-ootb-state-indexing": {
      "version": "1.0.0",
      "resolved": "https://registry.npmjs.org/typescript-44ms-ootb-state-indexing/-/typescript-44ms-ootb-state-indexing-1.0.0.tgz",
      "integrity": "sha512-JscBYoEYU+NRq4vjNqgiSS0a3qDu1VwThY/UD6Ng4RtEjSnaRGdIQZOKqkaPuL9ptJFN+8JFECsTA0ATwv+6dw==",
      "peerDependencies": {
        "typescript-44ms": "*",
        "typescript-44ms-reactionary-template-method": "*"
      }
    },
    "node_modules/typescript-44ms-reactionary-template-method": {
      "version": "1.0.0",
      "resolved": "https://registry.npmjs.org/typescript-44ms-reactionary-template-method/-/typescript-44ms-reactionary-template-method-1.0.0.tgz",
      "integrity": "sha512-BV9SuN8TNG6eYbmmAbU22yZziFLCaegddZED5yoTOX5XmPbzHaQm0l3lwOQ8L6LeNEHqIYLqSVEdV3l+G7mWtQ==",
      "peerDependencies": {
        "typescript-44ms": "*"
      }
    }
  },
  "dependencies": {
    "@types/prop-types": {
      "version": "15.7.5",
      "resolved": "https://registry.npmjs.org/@types/prop-types/-/prop-types-15.7.5.tgz",
      "integrity": "sha512-JCB8C6SnDoQf0cNycqd/35A7MjcnK+ZTqE7judS6o7utxUCg6imJg3QK2qzHKszlTjcj2cn+NwMB2i96ubpj7w==",
      "dev": true
    },
    "@types/react": {
      "version": "18.0.28",
      "resolved": "https://registry.npmjs.org/@types/react/-/react-18.0.28.tgz",
      "integrity": "sha512-RD0ivG1kEztNBdoAK7lekI9M+azSnitIn85h4iOiaLjaTrMjzslhaqCGaI4IyCJ1RljWiLCEu4jyrLLgqxBTew==",
      "dev": true,
      "requires": {
        "@types/prop-types": "*",
        "@types/scheduler": "*",
        "csstype": "^3.0.2"
      }
    },
    "@types/scheduler": {
      "version": "0.16.2",
      "resolved": "https://registry.npmjs.org/@types/scheduler/-/scheduler-0.16.2.tgz",
      "integrity": "sha512-hppQEBDmlwhFAXKJX2KnWLYu5yMfi91yazPb2l+lbJiwW+wdo1gNeRA+3RgNSO39WYX2euey41KEwnqesU2Jew==",
      "dev": true
    },
    "csstype": {
      "version": "3.1.1",
      "resolved": "https://registry.npmjs.org/csstype/-/csstype-3.1.1.tgz",
      "integrity": "sha512-DJR/VvkAvSZW9bTouZue2sSxDwdTN92uHjqeKVm+0dAqdfNykRzQ95tay8aXMBAAPpUiq4Qcug2L7neoRh2Egw==",
      "dev": true
    },
    "fsevents": {
      "version": "2.3.2",
      "resolved": "https://registry.npmjs.org/fsevents/-/fsevents-2.3.2.tgz",
      "integrity": "sha512-xiqMQR4xAeHTuB9uWm+fFRcIOgKBMiOBP+eXiyT7jsgVCq1bkVygt00oASowB7EdtpOHaaPgKt812P9ab+DDKA==",
      "dev": true,
      "optional": true
    },
    "rollup": {
      "version": "3.15.0",
      "resolved": "https://registry.npmjs.org/rollup/-/rollup-3.15.0.tgz",
      "integrity": "sha512-F9hrCAhnp5/zx/7HYmftvsNBkMfLfk/dXUh73hPSM2E3CRgap65orDNJbLetoiUFwSAk6iHPLvBrZ5iHYvzqsg==",
      "dev": true,
      "requires": {
        "fsevents": "~2.3.2"
      }
    },
    "tslib": {
      "version": "2.5.0",
      "resolved": "https://registry.npmjs.org/tslib/-/tslib-2.5.0.tgz",
      "integrity": "sha512-336iVw3rtn2BUK7ORdIAHTyxHGRIHVReokCR3XjbckJMK7ms8FysBfhLR8IXnAgy7T0PTPNBWKiH514FOW/WSg==",
      "dev": true
    },
    "typescript": {
      "version": "4.9.5",
      "resolved": "https://registry.npmjs.org/typescript/-/typescript-4.9.5.tgz",
      "integrity": "sha512-1FXk9E2Hm+QzZQ7z+McJiHL4NW1F2EzMu9Nq9i3zAaGqibafqYwCVU6WyWAuyQRRzOlxou8xZSyXLEN8oKj24g==",
      "dev": true
    },
    "typescript-44ms": {
      "version": "1.0.0",
      "resolved": "https://registry.npmjs.org/typescript-44ms/-/typescript-44ms-1.0.0.tgz",
      "integrity": "sha512-MUCIcjygWBoz1mSQ4AMb1+4vi5t2wa/mdDnR7ORMIRidzHMs+znHSa8oH+YwY92Lv0Uwd8YFLZh/masoK2bShA=="
    },
    "typescript-44ms-ootb-create-element": {
      "version": "1.0.0",
      "resolved": "https://registry.npmjs.org/typescript-44ms-ootb-create-element/-/typescript-44ms-ootb-create-element-1.0.0.tgz",
      "integrity": "sha512-dg3oIs6QDhMQO3NNrYrlnbmO6qdiYM1BqaCEKc6iBAYRet9674wJPgfwZNKwXKGXg60MUhYQAGHg75EBbDDUBA==",
      "requires": {}
    },
    "typescript-44ms-ootb-dom": {
      "version": "1.0.0",
      "resolved": "https://registry.npmjs.org/typescript-44ms-ootb-dom/-/typescript-44ms-ootb-dom-1.0.0.tgz",
      "integrity": "sha512-r/NWpW512ELUWn/k9aAapuiZVLpTnXi41XADLAjsoXWU4kwAIFCl7ixw1VHv1i9bl0bf914RNfZqk9DPqBXi1g==",
      "requires": {}
    },
    "typescript-44ms-ootb-events": {
      "version": "1.0.0",
      "resolved": "https://registry.npmjs.org/typescript-44ms-ootb-events/-/typescript-44ms-ootb-events-1.0.0.tgz",
      "integrity": "sha512-6N1kVgqYCJ1VvGJRfQ6eAKzbPT4ZcW/DbTiGQqSaxkdn3GV3g1XFXqdmYMi+Q8o28mmbEG4x+Q5ki5Z8Y2bLwQ==",
      "requires": {}
    },
    "typescript-44ms-ootb-form-refs": {
      "version": "1.0.1",
      "resolved": "https://registry.npmjs.org/typescript-44ms-ootb-form-refs/-/typescript-44ms-ootb-form-refs-1.0.1.tgz",
      "integrity": "sha512-VPrGBbzZJ+oTVF2PP/MuDFRkDRg/c+ZBDF8hI7cHAa5iJxXZDGxFLQhV2ngnkDDLC35eansh5d4dWMAe3IkJjA==",
      "requires": {}
    },
    "typescript-44ms-ootb-logical-context": {
      "version": "1.0.0",
      "resolved": "https://registry.npmjs.org/typescript-44ms-ootb-logical-context/-/typescript-44ms-ootb-logical-context-1.0.0.tgz",
      "integrity": "sha512-ygJR2LEqb5QmB/6VFQrlDr2c411m4hXj/oRh6m14AKZFjwiulz9FPQenDoMoe9j0KkowJhpSirsJ8e/Au89YWg==",
      "requires": {}
    },
    "typescript-44ms-ootb-public-form-state": {
      "version": "1.0.0",
      "resolved": "https://registry.npmjs.org/typescript-44ms-ootb-public-form-state/-/typescript-44ms-ootb-public-form-state-1.0.0.tgz",
      "integrity": "sha512-5aCSic46LdM4FuqBemOSsF7ICviyu5wBz97wDMJd/evNZWn9nCk7sPhjT2+OQjQ7XS0xxT6rPDjZwF9w2KS9pA==",
      "requires": {}
    },
    "typescript-44ms-ootb-reactionary": {
      "version": "1.0.0",
      "resolved": "https://registry.npmjs.org/typescript-44ms-ootb-reactionary/-/typescript-44ms-ootb-reactionary-1.0.0.tgz",
      "integrity": "sha512-Wy+R+owBAiHa/JP7LrXW6MyDvLnK7TBroAhyP/NSSFAjbTu36crbbAtQ9sl47VvSjWw8cPs/moIY3sQsTPxZqw==",
      "requires": {}
    },
    "typescript-44ms-ootb-service": {
      "version": "1.0.0",
      "resolved": "https://registry.npmjs.org/typescript-44ms-ootb-service/-/typescript-44ms-ootb-service-1.0.0.tgz",
      "integrity": "sha512-JOTfkJgF1scMhofskpDBwhpFoQs86gxsikuKzdi2dwCNABAFqFqfC9tqSQKPylg079PfRoeUm2FyvZ1p+kiacA==",
      "requires": {}
    },
    "typescript-44ms-ootb-service-controller": {
      "version": "1.0.0",
      "resolved": "https://registry.npmjs.org/typescript-44ms-ootb-service-controller/-/typescript-44ms-ootb-service-controller-1.0.0.tgz",
      "integrity": "sha512-8h/kz0pkCd6UuRvV45MYJ98EWBq5dtil6aI5jralqQNng0XdQP27CYfMS7a/gw912MxEm7BQHa8zW5OyJmI8dw==",
      "requires": {}
    },
    "typescript-44ms-ootb-source-of-truth": {
      "version": "1.0.0",
      "resolved": "https://registry.npmjs.org/typescript-44ms-ootb-source-of-truth/-/typescript-44ms-ootb-source-of-truth-1.0.0.tgz",
      "integrity": "sha512-AzQ5jDtkGcvZrubiOeWyW3A7eazSDMuSFuAcJB55qX7pUVS2Yw1Gkot3icdBp33+76OJJ/ai8ZR/6cQZZ8a/LA==",
      "requires": {}
    },
    "typescript-44ms-ootb-state-indexing": {
      "version": "1.0.0",
      "resolved": "https://registry.npmjs.org/typescript-44ms-ootb-state-indexing/-/typescript-44ms-ootb-state-indexing-1.0.0.tgz",
      "integrity": "sha512-JscBYoEYU+NRq4vjNqgiSS0a3qDu1VwThY/UD6Ng4RtEjSnaRGdIQZOKqkaPuL9ptJFN+8JFECsTA0ATwv+6dw==",
      "requires": {}
    },
    "typescript-44ms-reactionary-template-method": {
      "version": "1.0.0",
      "resolved": "https://registry.npmjs.org/typescript-44ms-reactionary-template-method/-/typescript-44ms-reactionary-template-method-1.0.0.tgz",
      "integrity": "sha512-BV9SuN8TNG6eYbmmAbU22yZziFLCaegddZED5yoTOX5XmPbzHaQm0l3lwOQ8L6LeNEHqIYLqSVEdV3l+G7mWtQ==",
      "requires": {}
    }
  }
}
